// !$*UTF8*$!
{
	archiveVersion = 1;
	classes = {
	};
	objectVersion = 77;
	objects = {

/* Begin PBXBuildFile section */
		01D12B1DE82DC9668CB41510 /* MultiWeekTimelineHeroView.swift in Sources */ = {isa = PBXBuildFile; fileRef = 1DE26C3A5DE2A83990656065 /* MultiWeekTimelineHeroView.swift */; };
		0529DCF1F697624597807713 /* MockSLMTaskUnderstandingService.swift in Sources */ = {isa = PBXBuildFile; fileRef = 4AEB904F6BE6B247DCC0943D /* MockSLMTaskUnderstandingService.swift */; };
		056DD7C1EB2BF180DF9EE5F9 /* AddProjectSheet.swift in Sources */ = {isa = PBXBuildFile; fileRef = ED0E4696D3E1DCD746527272 /* AddProjectSheet.swift */; };
		144795598A70B595CDA7FD93 /* QuickCaptureView.swift in Sources */ = {isa = PBXBuildFile; fileRef = BF41184673063DB0A325C69D /* QuickCaptureView.swift */; };
		15AC7CE05BB4792AE1583FCB /* ScheduleConfidenceScorer.swift in Sources */ = {isa = PBXBuildFile; fileRef = ACB84D5595DB1489E3F84936 /* ScheduleConfidenceScorer.swift */; };
		1900B36E129922D919431A46 /* WorkItemCard.swift in Sources */ = {isa = PBXBuildFile; fileRef = 5DC688CE513900DA62FC4E2C /* WorkItemCard.swift */; };
		19D60336519AB492F56B8F2A /* MissingInfoChip.swift in Sources */ = {isa = PBXBuildFile; fileRef = 16A8E35EB4E1E95654A55651 /* MissingInfoChip.swift */; };
		1B3BF384EA3A876E563D0ED6 /* WorkItemDetailView.swift in Sources */ = {isa = PBXBuildFile; fileRef = 75D559A3C6875E85A44BBF6B /* WorkItemDetailView.swift */; };
		1F5AAA357B7EC34B20B3DFB8 /* ProjectInferrer.swift in Sources */ = {isa = PBXBuildFile; fileRef = 7316661A4F25EDDD36C8068D /* ProjectInferrer.swift */; };
		289BEAA0C0466B216B021566 /* ParserValidationSamples.swift in Sources */ = {isa = PBXBuildFile; fileRef = 47105D1BF12898C061AFC16D /* ParserValidationSamples.swift */; };
		2FB5F8FA3E344597D5870D58 /* SettingsView.swift in Sources */ = {isa = PBXBuildFile; fileRef = A28F8750733AF4FC3145AA7E /* SettingsView.swift */; };
		3A1F9C01B89D0031D20EF419 /* ReviewView.swift in Sources */ = {isa = PBXBuildFile; fileRef = 16051795458D002FFE029597 /* ReviewView.swift */; };
		4911F1D8524E2D084BAF8DE8 /* CapturedClassifier.swift in Sources */ = {isa = PBXBuildFile; fileRef = 8A5E938C86FC9E7F2FCBEA24 /* CapturedClassifier.swift */; };
		4ED62F04AA13A9C82B66359D /* ProjectColor.swift in Sources */ = {isa = PBXBuildFile; fileRef = A32DCB0008D7AFF0E0828E73 /* ProjectColor.swift */; };
		51C2438A2CEDF87F0CF01199 /* Enums.swift in Sources */ = {isa = PBXBuildFile; fileRef = 50F4E8BC65CE551E817F3140 /* Enums.swift */; };
		624D25138D022FD7AF96F265 /* DateResolver.swift in Sources */ = {isa = PBXBuildFile; fileRef = 6B74EF4219717B138C1A0737 /* DateResolver.swift */; };
		719310272976C2CFD5F97492 /* AppleCalendarSyncService.swift in Sources */ = {isa = PBXBuildFile; fileRef = 9C70CC477CF94EA2B60FF7A6 /* AppleCalendarSyncService.swift */; };
		7DA30CD959B2D291DD1DF0C7 /* Assets.xcassets in Resources */ = {isa = PBXBuildFile; fileRef = 19AEB42AF5A553D92C1FCA9D /* Assets.xcassets */; };
		81B1168D27826F32DA845465 /* MotiDesignSystem.swift in Sources */ = {isa = PBXBuildFile; fileRef = 052732FDB298243A938D4B0F /* MotiDesignSystem.swift */; };
		8A63DD6CDDA74788AB200C7A /* ParsedWorkItem.swift in Sources */ = {isa = PBXBuildFile; fileRef = DE8A7B36020918F79ADFE6E3 /* ParsedWorkItem.swift */; };
		91B250EF94F1178429D5B32A /* TaskUnderstandingService.swift in Sources */ = {isa = PBXBuildFile; fileRef = 407BDF1BE02B12A7FE24FA81 /* TaskUnderstandingService.swift */; };
		92DC868804783E9B9A6442F4 /* SpeechTranscriptionService.swift in Sources */ = {isa = PBXBuildFile; fileRef = 7BD412970ED5D739AC844251 /* SpeechTranscriptionService.swift */; };
		A2FBBCE31B1C284935A4B5A8 /* WorkItem.swift in Sources */ = {isa = PBXBuildFile; fileRef = 99639D9AB321E54C8399696F /* WorkItem.swift */; };
		A87A45911AA1BC08CF6F5A56 /* TaskUnderstandingServiceFactory.swift in Sources */ = {isa = PBXBuildFile; fileRef = 494DCB3733C6805B72A4654B /* TaskUnderstandingServiceFactory.swift */; };
		BA3AC6649C8702969AB85897 /* ProjectPill.swift in Sources */ = {isa = PBXBuildFile; fileRef = 5AE2A9C322628F35353C0B5D /* ProjectPill.swift */; };
		C276154A921126DB993D149C /* FoundationModelsTaskUnderstandingService.swift in Sources */ = {isa = PBXBuildFile; fileRef = 4EF157DBAE933EECAA3A5046 /* FoundationModelsTaskUnderstandingService.swift */; };
		C56248EF547B9F3415D4D03B /* CompletionLogger.swift in Sources */ = {isa = PBXBuildFile; fileRef = A72A0DF89B8216CCB218A633 /* CompletionLogger.swift */; };
		C9F8212A0BF7408506A726F0 /* MotiApp.swift in Sources */ = {isa = PBXBuildFile; fileRef = 847AD39AB89CC0D7F7AA5A70 /* MotiApp.swift */; };
		D31E185392D4B107FE242590 /* OnboardingView.swift in Sources */ = {isa = PBXBuildFile; fileRef = BEA976F0F0B6FB7D282A4401 /* OnboardingView.swift */; };
		DB234ABFADEB56397D841C35 /* TimelineView.swift in Sources */ = {isa = PBXBuildFile; fileRef = 5831017862C61EA3E73AAB1F /* TimelineView.swift */; };
		E315659A3ABF0ED2B972C438 /* ProjectsView.swift in Sources */ = {isa = PBXBuildFile; fileRef = 53EAF03D03D924D5CF81FD4D /* ProjectsView.swift */; };
		E784BA20607523415553AE8F /* RuleBasedTaskUnderstandingService.swift in Sources */ = {isa = PBXBuildFile; fileRef = 43B8BD5A235364850327F306 /* RuleBasedTaskUnderstandingService.swift */; };
		EA9EF71C9A4FCD827A5D4E55 /* MotiDebugDataLogger.swift in Sources */ = {isa = PBXBuildFile; fileRef = FFCBF922DCE46509449BDBBC /* MotiDebugDataLogger.swift */; };
		F24E15F107FEFC1E37099429 /* Project.swift in Sources */ = {isa = PBXBuildFile; fileRef = 2A3A3F0F686739AFC74C1E2E /* Project.swift */; };
		F318D271E306F2530F8E9147 /* CompletionLog.swift in Sources */ = {isa = PBXBuildFile; fileRef = FC6B793F8A732EB9832C3A3B /* CompletionLog.swift */; };
/* End PBXBuildFile section */

/* Begin PBXFileReference section */
		052732FDB298243A938D4B0F /* MotiDesignSystem.swift */ = {isa = PBXFileReference; lastKnownFileType = sourcecode.swift; path = MotiDesignSystem.swift; sourceTree = "<group>"; };
		0F4FC74F477677311A025A0F /* Moti.app */ = {isa = PBXFileReference; includeInIndex = 0; lastKnownFileType = wrapper.application; path = Moti.app; sourceTree = BUILT_PRODUCTS_DIR; };
		16051795458D002FFE029597 /* ReviewView.swift */ = {isa = PBXFileReference; lastKnownFileType = sourcecode.swift; path = ReviewView.swift; sourceTree = "<group>"; };
		16A8E35EB4E1E95654A55651 /* MissingInfoChip.swift */ = {isa = PBXFileReference; lastKnownFileType = sourcecode.swift; path = MissingInfoChip.swift; sourceTree = "<group>"; };
		19AEB42AF5A553D92C1FCA9D /* Assets.xcassets */ = {isa = PBXFileReference; lastKnownFileType = folder.assetcatalog; path = Assets.xcassets; sourceTree = "<group>"; };
		1DE26C3A5DE2A83990656065 /* MultiWeekTimelineHeroView.swift */ = {isa = PBXFileReference; lastKnownFileType = sourcecode.swift; path = MultiWeekTimelineHeroView.swift; sourceTree = "<group>"; };
		2A3A3F0F686739AFC74C1E2E /* Project.swift */ = {isa = PBXFileReference; lastKnownFileType = sourcecode.swift; path = Project.swift; sourceTree = "<group>"; };
		407BDF1BE02B12A7FE24FA81 /* TaskUnderstandingService.swift */ = {isa = PBXFileReference; lastKnownFileType = sourcecode.swift; path = TaskUnderstandingService.swift; sourceTree = "<group>"; };
		43B8BD5A235364850327F306 /* RuleBasedTaskUnderstandingService.swift */ = {isa = PBXFileReference; lastKnownFileType = sourcecode.swift; path = RuleBasedTaskUnderstandingService.swift; sourceTree = "<group>"; };
		47105D1BF12898C061AFC16D /* ParserValidationSamples.swift */ = {isa = PBXFileReference; lastKnownFileType = sourcecode.swift; path = ParserValidationSamples.swift; sourceTree = "<group>"; };
		494DCB3733C6805B72A4654B /* TaskUnderstandingServiceFactory.swift */ = {isa = PBXFileReference; lastKnownFileType = sourcecode.swift; path = TaskUnderstandingServiceFactory.swift; sourceTree = "<group>"; };
		4AEB904F6BE6B247DCC0943D /* MockSLMTaskUnderstandingService.swift */ = {isa = PBXFileReference; lastKnownFileType = sourcecode.swift; path = MockSLMTaskUnderstandingService.swift; sourceTree = "<group>"; };
		4EF157DBAE933EECAA3A5046 /* FoundationModelsTaskUnderstandingService.swift */ = {isa = PBXFileReference; lastKnownFileType = sourcecode.swift; path = FoundationModelsTaskUnderstandingService.swift; sourceTree = "<group>"; };
		50F4E8BC65CE551E817F3140 /* Enums.swift */ = {isa = PBXFileReference; lastKnownFileType = sourcecode.swift; path = Enums.swift; sourceTree = "<group>"; };
		53EAF03D03D924D5CF81FD4D /* ProjectsView.swift */ = {isa = PBXFileReference; lastKnownFileType = sourcecode.swift; path = ProjectsView.swift; sourceTree = "<group>"; };
		5831017862C61EA3E73AAB1F /* TimelineView.swift */ = {isa = PBXFileReference; lastKnownFileType = sourcecode.swift; path = TimelineView.swift; sourceTree = "<group>"; };
		5AE2A9C322628F35353C0B5D /* ProjectPill.swift */ = {isa = PBXFileReference; lastKnownFileType = sourcecode.swift; path = ProjectPill.swift; sourceTree = "<group>"; };
		5DC688CE513900DA62FC4E2C /* WorkItemCard.swift */ = {isa = PBXFileReference; lastKnownFileType = sourcecode.swift; path = WorkItemCard.swift; sourceTree = "<group>"; };
		6B74EF4219717B138C1A0737 /* DateResolver.swift */ = {isa = PBXFileReference; lastKnownFileType = sourcecode.swift; path = DateResolver.swift; sourceTree = "<group>"; };
		7316661A4F25EDDD36C8068D /* ProjectInferrer.swift */ = {isa = PBXFileReference; lastKnownFileType = sourcecode.swift; path = ProjectInferrer.swift; sourceTree = "<group>"; };
		75D559A3C6875E85A44BBF6B /* WorkItemDetailView.swift */ = {isa = PBXFileReference; lastKnownFileType = sourcecode.swift; path = WorkItemDetailView.swift; sourceTree = "<group>"; };
		7BD412970ED5D739AC844251 /* SpeechTranscriptionService.swift */ = {isa = PBXFileReference; lastKnownFileType = sourcecode.swift; path = SpeechTranscriptionService.swift; sourceTree = "<group>"; };
		847AD39AB89CC0D7F7AA5A70 /* MotiApp.swift */ = {isa = PBXFileReference; lastKnownFileType = sourcecode.swift; path = MotiApp.swift; sourceTree = "<group>"; };
		8A5E938C86FC9E7F2FCBEA24 /* CapturedClassifier.swift */ = {isa = PBXFileReference; lastKnownFileType = sourcecode.swift; path = CapturedClassifier.swift; sourceTree = "<group>"; };
		99639D9AB321E54C8399696F /* WorkItem.swift */ = {isa = PBXFileReference; lastKnownFileType = sourcecode.swift; path = WorkItem.swift; sourceTree = "<group>"; };
		9C70CC477CF94EA2B60FF7A6 /* AppleCalendarSyncService.swift */ = {isa = PBXFileReference; lastKnownFileType = sourcecode.swift; path = AppleCalendarSyncService.swift; sourceTree = "<group>"; };
		A28F8750733AF4FC3145AA7E /* SettingsView.swift */ = {isa = PBXFileReference; lastKnownFileType = sourcecode.swift; path = SettingsView.swift; sourceTree = "<group>"; };
		A32DCB0008D7AFF0E0828E73 /* ProjectColor.swift */ = {isa = PBXFileReference; lastKnownFileType = sourcecode.swift; path = ProjectColor.swift; sourceTree = "<group>"; };
		A72A0DF89B8216CCB218A633 /* CompletionLogger.swift */ = {isa = PBXFileReference; lastKnownFileType = sourcecode.swift; path = CompletionLogger.swift; sourceTree = "<group>"; };
		ACB84D5595DB1489E3F84936 /* ScheduleConfidenceScorer.swift */ = {isa = PBXFileReference; lastKnownFileType = sourcecode.swift; path = ScheduleConfidenceScorer.swift; sourceTree = "<group>"; };
		BEA976F0F0B6FB7D282A4401 /* OnboardingView.swift */ = {isa = PBXFileReference; lastKnownFileType = sourcecode.swift; path = OnboardingView.swift; sourceTree = "<group>"; };
		BF41184673063DB0A325C69D /* QuickCaptureView.swift */ = {isa = PBXFileReference; lastKnownFileType = sourcecode.swift; path = QuickCaptureView.swift; sourceTree = "<group>"; };
		DE8A7B36020918F79ADFE6E3 /* ParsedWorkItem.swift */ = {isa = PBXFileReference; lastKnownFileType = sourcecode.swift; path = ParsedWorkItem.swift; sourceTree = "<group>"; };
		ED0E4696D3E1DCD746527272 /* AddProjectSheet.swift */ = {isa = PBXFileReference; lastKnownFileType = sourcecode.swift; path = AddProjectSheet.swift; sourceTree = "<group>"; };
		FC6B793F8A732EB9832C3A3B /* CompletionLog.swift */ = {isa = PBXFileReference; lastKnownFileType = sourcecode.swift; path = CompletionLog.swift; sourceTree = "<group>"; };
		FFCBF922DCE46509449BDBBC /* MotiDebugDataLogger.swift */ = {isa = PBXFileReference; lastKnownFileType = sourcecode.swift; path = MotiDebugDataLogger.swift; sourceTree = "<group>"; };
/* End PBXFileReference section */

/* Begin PBXGroup section */
		09A3768C27127956A14E7588 = {
			isa = PBXGroup;
			children = (
				91AEC40030881F221E97E770 /* Moti */,
				66EEDC112D24D0A6AEADA0D5 /* Products */,
			);
			sourceTree = "<group>";
		};
		66EEDC112D24D0A6AEADA0D5 /* Products */ = {
			isa = PBXGroup;
			children = (
				0F4FC74F477677311A025A0F /* Moti.app */,
			);
			name = Products;
			sourceTree = "<group>";
		};
		8855BAE76BF3210A69228397 /* Utilities */ = {
			isa = PBXGroup;
			children = (
				8A5E938C86FC9E7F2FCBEA24 /* CapturedClassifier.swift */,
				6B74EF4219717B138C1A0737 /* DateResolver.swift */,
				FFCBF922DCE46509449BDBBC /* MotiDebugDataLogger.swift */,
				47105D1BF12898C061AFC16D /* ParserValidationSamples.swift */,
				A32DCB0008D7AFF0E0828E73 /* ProjectColor.swift */,
				7316661A4F25EDDD36C8068D /* ProjectInferrer.swift */,
				ACB84D5595DB1489E3F84936 /* ScheduleConfidenceScorer.swift */,
			);
			path = Utilities;
			sourceTree = "<group>";
		};
		91AEC40030881F221E97E770 /* Moti */ = {
			isa = PBXGroup;
			children = (
				19AEB42AF5A553D92C1FCA9D /* Assets.xcassets */,
				A9A83BF4BADB3D63126E6ABC /* App */,
				CEAFAFDD64985C1F73F27FC2 /* Models */,
				B39EC641DC823352F20E0711 /* Services */,
				8855BAE76BF3210A69228397 /* Utilities */,
				9FFE634F2E19788F9D701053 /* Views */,
			);
			path = Moti;
			sourceTree = "<group>";
		};
		9FFE634F2E19788F9D701053 /* Views */ = {
			isa = PBXGroup;
			children = (
				ED0E4696D3E1DCD746527272 /* AddProjectSheet.swift */,
				BEA976F0F0B6FB7D282A4401 /* OnboardingView.swift */,
				53EAF03D03D924D5CF81FD4D /* ProjectsView.swift */,
				BF41184673063DB0A325C69D /* QuickCaptureView.swift */,
				16051795458D002FFE029597 /* ReviewView.swift */,
				A28F8750733AF4FC3145AA7E /* SettingsView.swift */,
				5831017862C61EA3E73AAB1F /* TimelineView.swift */,
				75D559A3C6875E85A44BBF6B /* WorkItemDetailView.swift */,
				E58A15E7F9B849A120A02744 /* Components */,
			);
			path = Views;
			sourceTree = "<group>";
		};
		A9A83BF4BADB3D63126E6ABC /* App */ = {
			isa = PBXGroup;
			children = (
				847AD39AB89CC0D7F7AA5A70 /* MotiApp.swift */,
			);
			path = App;
			sourceTree = "<group>";
		};
		B39EC641DC823352F20E0711 /* Services */ = {
			isa = PBXGroup;
			children = (
				9C70CC477CF94EA2B60FF7A6 /* AppleCalendarSyncService.swift */,
				A72A0DF89B8216CCB218A633 /* CompletionLogger.swift */,
				4EF157DBAE933EECAA3A5046 /* FoundationModelsTaskUnderstandingService.swift */,
				4AEB904F6BE6B247DCC0943D /* MockSLMTaskUnderstandingService.swift */,
				43B8BD5A235364850327F306 /* RuleBasedTaskUnderstandingService.swift */,
				7BD412970ED5D739AC844251 /* SpeechTranscriptionService.swift */,
				407BDF1BE02B12A7FE24FA81 /* TaskUnderstandingService.swift */,
				494DCB3733C6805B72A4654B /* TaskUnderstandingServiceFactory.swift */,
			);
			path = Services;
			sourceTree = "<group>";
		};
		CEAFAFDD64985C1F73F27FC2 /* Models */ = {
			isa = PBXGroup;
			children = (
				FC6B793F8A732EB9832C3A3B /* CompletionLog.swift */,
				50F4E8BC65CE551E817F3140 /* Enums.swift */,
				DE8A7B36020918F79ADFE6E3 /* ParsedWorkItem.swift */,
				2A3A3F0F686739AFC74C1E2E /* Project.swift */,
				99639D9AB321E54C8399696F /* WorkItem.swift */,
			);
			path = Models;
			sourceTree = "<group>";
		};
		E58A15E7F9B849A120A02744 /* Components */ = {
			isa = PBXGroup;
			children = (
				16A8E35EB4E1E95654A55651 /* MissingInfoChip.swift */,
				052732FDB298243A938D4B0F /* MotiDesignSystem.swift */,
				1DE26C3A5DE2A83990656065 /* MultiWeekTimelineHeroView.swift */,
				5AE2A9C322628F35353C0B5D /* ProjectPill.swift */,
				5DC688CE513900DA62FC4E2C /* WorkItemCard.swift */,
			);
			path = Components;
			sourceTree = "<group>";
		};
/* End PBXGroup section */

/* Begin PBXNativeTarget section */
		D698693FBD1C72340804E928 /* Moti */ = {
			isa = PBXNativeTarget;
			buildConfigurationList = 96BA32153DE3EEADA64E2A10 /* Build configuration list for PBXNativeTarget "Moti" */;
			buildPhases = (
				97B8B258350C6DED3E70546F /* Sources */,
				0A1343C4F1863A30DEF7DB10 /* Resources */,
			);
			buildRules = (
			);
			dependencies = (
			);
			name = Moti;
			packageProductDependencies = (
			);
			productName = Moti;
			productReference = 0F4FC74F477677311A025A0F /* Moti.app */;
			productType = "com.apple.product-type.application";
		};
/* End PBXNativeTarget section */

/* Begin PBXProject section */
		F02AA5B6EB095FAF75EDEAE3 /* Project object */ = {
			isa = PBXProject;
			attributes = {
				BuildIndependentTargetsInParallel = YES;
				LastUpgradeCheck = 1430;
				TargetAttributes = {
				};
			};
			buildConfigurationList = 64DA73B4E47CD0EF5DB41985 /* Build configuration list for PBXProject "Moti" */;
			developmentRegion = en;
			hasScannedForEncodings = 0;
			knownRegions = (
				Base,
				en,
			);
			mainGroup = 09A3768C27127956A14E7588;
			minimizedProjectReferenceProxies = 1;
			preferredProjectObjectVersion = 77;
			productRefGroup = 66EEDC112D24D0A6AEADA0D5 /* Products */;
			projectDirPath = "";
			projectRoot = "";
			targets = (
				D698693FBD1C72340804E928 /* Moti */,
			);
		};
/* End PBXProject section */

/* Begin PBXResourcesBuildPhase section */
		0A1343C4F1863A30DEF7DB10 /* Resources */ = {
			isa = PBXResourcesBuildPhase;
			buildActionMask = 2147483647;
			files = (
				7DA30CD959B2D291DD1DF0C7 /* Assets.xcassets in Resources */,
			);
			runOnlyForDeploymentPostprocessing = 0;
		};
/* End PBXResourcesBuildPhase section */

/* Begin PBXSourcesBuildPhase section */
		97B8B258350C6DED3E70546F /* Sources */ = {
			isa = PBXSourcesBuildPhase;
			buildActionMask = 2147483647;
			files = (
				056DD7C1EB2BF180DF9EE5F9 /* AddProjectSheet.swift in Sources */,
				719310272976C2CFD5F97492 /* AppleCalendarSyncService.swift in Sources */,
				4911F1D8524E2D084BAF8DE8 /* CapturedClassifier.swift in Sources */,
				F318D271E306F2530F8E9147 /* CompletionLog.swift in Sources */,
				C56248EF547B9F3415D4D03B /* CompletionLogger.swift in Sources */,
				624D25138D022FD7AF96F265 /* DateResolver.swift in Sources */,
				51C2438A2CEDF87F0CF01199 /* Enums.swift in Sources */,
				C276154A921126DB993D149C /* FoundationModelsTaskUnderstandingService.swift in Sources */,
				19D60336519AB492F56B8F2A /* MissingInfoChip.swift in Sources */,
				0529DCF1F697624597807713 /* MockSLMTaskUnderstandingService.swift in Sources */,
				C9F8212A0BF7408506A726F0 /* MotiApp.swift in Sources */,
				EA9EF71C9A4FCD827A5D4E55 /* MotiDebugDataLogger.swift in Sources */,
				81B1168D27826F32DA845465 /* MotiDesignSystem.swift in Sources */,
				01D12B1DE82DC9668CB41510 /* MultiWeekTimelineHeroView.swift in Sources */,
				D31E185392D4B107FE242590 /* OnboardingView.swift in Sources */,
				8A63DD6CDDA74788AB200C7A /* ParsedWorkItem.swift in Sources */,
				289BEAA0C0466B216B021566 /* ParserValidationSamples.swift in Sources */,
				F24E15F107FEFC1E37099429 /* Project.swift in Sources */,
				4ED62F04AA13A9C82B66359D /* ProjectColor.swift in Sources */,
				1F5AAA357B7EC34B20B3DFB8 /* ProjectInferrer.swift in Sources */,
				BA3AC6649C8702969AB85897 /* ProjectPill.swift in Sources */,
				E315659A3ABF0ED2B972C438 /* ProjectsView.swift in Sources */,
				144795598A70B595CDA7FD93 /* QuickCaptureView.swift in Sources */,
				3A1F9C01B89D0031D20EF419 /* ReviewView.swift in Sources */,
				E784BA20607523415553AE8F /* RuleBasedTaskUnderstandingService.swift in Sources */,
				15AC7CE05BB4792AE1583FCB /* ScheduleConfidenceScorer.swift in Sources */,
				2FB5F8FA3E344597D5870D58 /* SettingsView.swift in Sources */,
				92DC868804783E9B9A6442F4 /* SpeechTranscriptionService.swift in Sources */,
				91B250EF94F1178429D5B32A /* TaskUnderstandingService.swift in Sources */,
				A87A45911AA1BC08CF6F5A56 /* TaskUnderstandingServiceFactory.swift in Sources */,
				DB234ABFADEB56397D841C35 /* TimelineView.swift in Sources */,
				A2FBBCE31B1C284935A4B5A8 /* WorkItem.swift in Sources */,
				1900B36E129922D919431A46 /* WorkItemCard.swift in Sources */,
				1B3BF384EA3A876E563D0ED6 /* WorkItemDetailView.swift in Sources */,
			);
			runOnlyForDeploymentPostprocessing = 0;
		};
/* End PBXSourcesBuildPhase section */

/* Begin XCBuildConfiguration section */
		4CF1D26741128EB86BB14109 /* Debug */ = {
			isa = XCBuildConfiguration;
			buildSettings = {
				ALWAYS_SEARCH_USER_PATHS = NO;
				CLANG_ANALYZER_NONNULL = YES;
				CLANG_ANALYZER_NUMBER_OBJECT_CONVERSION = YES_AGGRESSIVE;
				CLANG_CXX_LANGUAGE_STANDARD = "gnu++14";
				CLANG_CXX_LIBRARY = "libc++";
				CLANG_ENABLE_MODULES = YES;
				CLANG_ENABLE_OBJC_ARC = YES;
				CLANG_ENABLE_OBJC_WEAK = YES;
				CLANG_WARN_BLOCK_CAPTURE_AUTORELEASING = YES;
				CLANG_WARN_BOOL_CONVERSION = YES;
				CLANG_WARN_COMMA = YES;
				CLANG_WARN_CONSTANT_CONVERSION = YES;
				CLANG_WARN_DEPRECATED_OBJC_IMPLEMENTATIONS = YES;
				CLANG_WARN_DIRECT_OBJC_ISA_USAGE = YES_ERROR;
				CLANG_WARN_DOCUMENTATION_COMMENTS = YES;
				CLANG_WARN_EMPTY_BODY = YES;
				CLANG_WARN_ENUM_CONVERSION = YES;
				CLANG_WARN_INFINITE_RECURSION = YES;
				CLANG_WARN_INT_CONVERSION = YES;
				CLANG_WARN_NON_LITERAL_NULL_CONVERSION = YES;
				CLANG_WARN_OBJC_IMPLICIT_RETAIN_SELF = YES;
				CLANG_WARN_OBJC_LITERAL_CONVERSION = YES;
				CLANG_WARN_OBJC_ROOT_CLASS = YES_ERROR;
				CLANG_WARN_QUOTED_INCLUDE_IN_FRAMEWORK_HEADER = YES;
				CLANG_WARN_RANGE_LOOP_ANALYSIS = YES;
				CLANG_WARN_STRICT_PROTOTYPES = YES;
				CLANG_WARN_SUSPICIOUS_MOVE = YES;
				CLANG_WARN_UNGUARDED_AVAILABILITY = YES_AGGRESSIVE;
				CLANG_WARN_UNREACHABLE_CODE = YES;
				CLANG_WARN__DUPLICATE_METHOD_MATCH = YES;
				COPY_PHASE_STRIP = NO;
				CURRENT_PROJECT_VERSION = 1;
				DEBUG_INFORMATION_FORMAT = dwarf;
				ENABLE_STRICT_OBJC_MSGSEND = YES;
				ENABLE_TESTABILITY = YES;
				GCC_C_LANGUAGE_STANDARD = gnu11;
				GCC_DYNAMIC_NO_PIC = NO;
				GCC_NO_COMMON_BLOCKS = YES;
				GCC_OPTIMIZATION_LEVEL = 0;
				GCC_PREPROCESSOR_DEFINITIONS = (
					"$(inherited)",
					"DEBUG=1",
				);
				GCC_WARN_64_TO_32_BIT_CONVERSION = YES;
				GCC_WARN_ABOUT_RETURN_TYPE = YES_ERROR;
				GCC_WARN_UNDECLARED_SELECTOR = YES;
				GCC_WARN_UNINITIALIZED_AUTOS = YES_AGGRESSIVE;
				GCC_WARN_UNUSED_FUNCTION = YES;
				GCC_WARN_UNUSED_VARIABLE = YES;
				IPHONEOS_DEPLOYMENT_TARGET = 17.0;
				MARKETING_VERSION = 1.0;
				MTL_ENABLE_DEBUG_INFO = INCLUDE_SOURCE;
				MTL_FAST_MATH = YES;
				ONLY_ACTIVE_ARCH = YES;
				PRODUCT_NAME = "$(TARGET_NAME)";
				SDKROOT = iphoneos;
				SUPPORTED_PLATFORMS = "iphoneos iphonesimulator";
				SWIFT_ACTIVE_COMPILATION_CONDITIONS = DEBUG;
				SWIFT_OPTIMIZATION_LEVEL = "-Onone";
				SWIFT_VERSION = 5.0;
			};
			name = Debug;
		};
		7603E78AAA6C01196112D6C4 /* Release */ = {
			isa = XCBuildConfiguration;
			buildSettings = {
				ASSETCATALOG_COMPILER_APPICON_NAME = AppIcon;
				CODE_SIGN_IDENTITY = "iPhone Developer";
				GENERATE_INFOPLIST_FILE = YES;
				INFOPLIST_KEY_CFBundleDisplayName = Moti;
				INFOPLIST_KEY_NSCalendarsFullAccessUsageDescription = "Moti needs calendar access to sync scheduled work items to your calendar.";
				INFOPLIST_KEY_NSCalendarsUsageDescription = "Moti needs calendar access to sync scheduled work items to your calendar.";
				INFOPLIST_KEY_NSMicrophoneUsageDescription = "Moti uses the microphone so you can capture work items by voice.";
				INFOPLIST_KEY_NSSpeechRecognitionUsageDescription = "Moti uses speech recognition to turn your spoken captures into text.";
				INFOPLIST_KEY_UILaunchScreen_Generation = YES;
				IPHONEOS_DEPLOYMENT_TARGET = 17.0;
				LD_RUNPATH_SEARCH_PATHS = (
					"$(inherited)",
					"@executable_path/Frameworks",
				);
				PRODUCT_BUNDLE_IDENTIFIER = com.malik.Moti;
				SDKROOT = iphoneos;
				TARGETED_DEVICE_FAMILY = 1;
			};
			name = Release;
		};
		BCC3A45FFEA012AF3EF8E266 /* Debug */ = {
			isa = XCBuildConfiguration;
			buildSettings = {
				ASSETCATALOG_COMPILER_APPICON_NAME = AppIcon;
				CODE_SIGN_IDENTITY = "iPhone Developer";
				GENERATE_INFOPLIST_FILE = YES;
				INFOPLIST_KEY_CFBundleDisplayName = Moti;
				INFOPLIST_KEY_NSCalendarsFullAccessUsageDescription = "Moti needs calendar access to sync scheduled work items to your calendar.";
				INFOPLIST_KEY_NSCalendarsUsageDescription = "Moti needs calendar access to sync scheduled work items to your calendar.";
				INFOPLIST_KEY_NSMicrophoneUsageDescription = "Moti uses the microphone so you can capture work items by voice.";
				INFOPLIST_KEY_NSSpeechRecognitionUsageDescription = "Moti uses speech recognition to turn your spoken captures into text.";
				INFOPLIST_KEY_UILaunchScreen_Generation = YES;
				IPHONEOS_DEPLOYMENT_TARGET = 17.0;
				LD_RUNPATH_SEARCH_PATHS = (
					"$(inherited)",
					"@executable_path/Frameworks",
				);
				PRODUCT_BUNDLE_IDENTIFIER = com.malik.Moti;
				SDKROOT = iphoneos;
				TARGETED_DEVICE_FAMILY = 1;
			};
			name = Debug;
		};
		D955139233E94E1AD56537E3 /* Release */ = {
			isa = XCBuildConfiguration;
			buildSettings = {
				ALWAYS_SEARCH_USER_PATHS = NO;
				CLANG_ANALYZER_NONNULL = YES;
				CLANG_ANALYZER_NUMBER_OBJECT_CONVERSION = YES_AGGRESSIVE;
				CLANG_CXX_LANGUAGE_STANDARD = "gnu++14";
				CLANG_CXX_LIBRARY = "libc++";
				CLANG_ENABLE_MODULES = YES;
				CLANG_ENABLE_OBJC_ARC = YES;
				CLANG_ENABLE_OBJC_WEAK = YES;
				CLANG_WARN_BLOCK_CAPTURE_AUTORELEASING = YES;
				CLANG_WARN_BOOL_CONVERSION = YES;
				CLANG_WARN_COMMA = YES;
				CLANG_WARN_CONSTANT_CONVERSION = YES;
				CLANG_WARN_DEPRECATED_OBJC_IMPLEMENTATIONS = YES;
				CLANG_WARN_DIRECT_OBJC_ISA_USAGE = YES_ERROR;
				CLANG_WARN_DOCUMENTATION_COMMENTS = YES;
				CLANG_WARN_EMPTY_BODY = YES;
				CLANG_WARN_ENUM_CONVERSION = YES;
				CLANG_WARN_INFINITE_RECURSION = YES;
				CLANG_WARN_INT_CONVERSION = YES;
				CLANG_WARN_NON_LITERAL_NULL_CONVERSION = YES;
				CLANG_WARN_OBJC_IMPLICIT_RETAIN_SELF = YES;
				CLANG_WARN_OBJC_LITERAL_CONVERSION = YES;
				CLANG_WARN_OBJC_ROOT_CLASS = YES_ERROR;
				CLANG_WARN_QUOTED_INCLUDE_IN_FRAMEWORK_HEADER = YES;
				CLANG_WARN_RANGE_LOOP_ANALYSIS = YES;
				CLANG_WARN_STRICT_PROTOTYPES = YES;
				CLANG_WARN_SUSPICIOUS_MOVE = YES;
				CLANG_WARN_UNGUARDED_AVAILABILITY = YES_AGGRESSIVE;
				CLANG_WARN_UNREACHABLE_CODE = YES;
				CLANG_WARN__DUPLICATE_METHOD_MATCH = YES;
				COPY_PHASE_STRIP = NO;
				CURRENT_PROJECT_VERSION = 1;
				DEBUG_INFORMATION_FORMAT = "dwarf-with-dsym";
				ENABLE_NS_ASSERTIONS = NO;
				ENABLE_STRICT_OBJC_MSGSEND = YES;
				GCC_C_LANGUAGE_STANDARD = gnu11;
				GCC_NO_COMMON_BLOCKS = YES;
				GCC_WARN_64_TO_32_BIT_CONVERSION = YES;
				GCC_WARN_ABOUT_RETURN_TYPE = YES_ERROR;
				GCC_WARN_UNDECLARED_SELECTOR = YES;
				GCC_WARN_UNINITIALIZED_AUTOS = YES_AGGRESSIVE;
				GCC_WARN_UNUSED_FUNCTION = YES;
				GCC_WARN_UNUSED_VARIABLE = YES;
				IPHONEOS_DEPLOYMENT_TARGET = 17.0;
				MARKETING_VERSION = 1.0;
				MTL_ENABLE_DEBUG_INFO = NO;
				MTL_FAST_MATH = YES;
				PRODUCT_NAME = "$(TARGET_NAME)";
				SDKROOT = iphoneos;
				SUPPORTED_PLATFORMS = "iphoneos iphonesimulator";
				SWIFT_COMPILATION_MODE = wholemodule;
				SWIFT_OPTIMIZATION_LEVEL = "-O";
				SWIFT_VERSION = 5.0;
			};
			name = Release;
		};
/* End XCBuildConfiguration section */

/* Begin XCConfigurationList section */
		64DA73B4E47CD0EF5DB41985 /* Build configuration list for PBXProject "Moti" */ = {
			isa = XCConfigurationList;
			buildConfigurations = (
				4CF1D26741128EB86BB14109 /* Debug */,
				D955139233E94E1AD56537E3 /* Release */,
			);
			defaultConfigurationIsVisible = 0;
			defaultConfigurationName = Debug;
		};
		96BA32153DE3EEADA64E2A10 /* Build configuration list for PBXNativeTarget "Moti" */ = {
			isa = XCConfigurationList;
			buildConfigurations = (
				BCC3A45FFEA012AF3EF8E266 /* Debug */,
				7603E78AAA6C01196112D6C4 /* Release */,
			);
			defaultConfigurationIsVisible = 0;
			defaultConfigurationName = Debug;
		};
/* End XCConfigurationList section */
	};
	rootObject = F02AA5B6EB095FAF75EDEAE3 /* Project object */;
}
